
Microsoft Visual Studio Solution File, Format Version 12.00
# Visual Studio 15
VisualStudioVersion = 15.0.28307.329
MinimumVisualStudioVersion = 10.0.40219.1
Project("{FAE04EC0-301F-11D3-BF4B-00C04F79EFBC}") = "PersonPhoneExample", "PersonPhoneExample\PersonPhoneExample.csproj", "{BE07F22C-F539-4E50-8DD6-A1D79AA97DCB}"
EndProject
Global
	GlobalSection(SolutionConfigurationPlatforms) = preSolution
		Debug|Any CPU = Debug|Any CPU
		Release|Any CPU = Release|Any CPU
	EndGlobalSection
	GlobalSection(ProjectConfigurationPlatforms) = postSolution
		{BE07F22C-F539-4E50-8DD6-A1D79AA97DCB}.Debug|Any CPU.ActiveCfg = Debug|Any CPU
		{BE07F22C-F539-4E50-8DD6-A1D79AA97DCB}.Debug|Any CPU.Build.0 = Debug|Any CPU
		{BE07F22C-F539-4E50-8DD6-A1D79AA97DCB}.Release|Any CPU.ActiveCfg = Release|Any CPU
		{BE07F22C-F539-4E50-8DD6-A1D79AA97DCB}.Release|Any CPU.Build.0 = Release|Any CPU
	EndGlobalSection
	GlobalSection(SolutionProperties) = preSolution
		HideSolutionNode = FALSE
	EndGlobalSection
	GlobalSection(ExtensibilityGlobals) = postSolution
		SolutionGuid = {96DC166A-B88D-4DF3-8219-8C695EE04E08}
	EndGlobalSection
EndGlobal
